version: 7
platforms:
- name: linux-64
  virtual-packages:
  - __unix=0=0
  - __linux=4.18
  - __glibc=2.28
  - __archspec=0=x86_64
environments:
  default:
    channels:
    - url: https://conda.anaconda.org/conda-forge/
    indexes:
    - https://pypi.org/simple
    packages:
      linux-64:
      - conda: https://conda.anaconda.org/conda-forge/linux-64/_openmp_mutex-4.5-20_gnu.conda
      - conda: https://conda.anaconda.org/conda-forge/linux-64/binutils_impl_linux-64-2.46.1-default_hfdba357_102.conda
      - conda: https://conda.anaconda.org/conda-forge/linux-64/bzip2-1.0.8-hda65f42_10.conda
      - conda: https://conda.anaconda.org/conda-forge/linux-64/c-ares-1.34.8-h280c20c_1.conda
      - conda: https://conda.anaconda.org/conda-forge/linux-64/ccache-4.13.6-hedf47ba_0.conda
      - conda: https://conda.anaconda.org/conda-forge/linux-64/cmake-4.4.2-hc85cc9f_0.conda
      - conda: https://conda.anaconda.org/conda-forge/linux-64/conda-gcc-specs-16.1.0-h5a3cd76_1.conda
      - conda: https://conda.anaconda.org/conda-forge/linux-64/dtc-1.7.2-h280c20c_6.conda
      - conda: https://conda.anaconda.org/conda-forge/linux-64/gcc-16.1.0-hc6a0c74_1.conda
      - conda: https://conda.anaconda.org/conda-forge/linux-64/gcc_impl_linux-64-16.1.0-h5fcb69b_1.conda
      - conda: https://conda.anaconda.org/conda-forge/linux-64/git-2.55.0-pl5321h5685339_1.conda
      - conda: https://conda.anaconda.org/conda-forge/linux-64/gperf-3.3-hecca717_0.conda
      - conda: https://conda.anaconda.org/conda-forge/linux-64/gxx-16.1.0-hd47ba16_1.conda
      - conda: https://conda.anaconda.org/conda-forge/linux-64/gxx_impl_linux-64-16.1.0-he33a5f8_1.conda
      - conda: https://conda.anaconda.org/conda-forge/linux-64/icu-78.3-py310h44b86e0_2.conda
      - conda: https://conda.anaconda.org/conda-forge/linux-64/keyutils-1.6.3-h7cc23a3_1.conda
      - conda: https://conda.anaconda.org/conda-forge/linux-64/krb5-1.22.2-hbc21106_2.conda
      - conda: https://conda.anaconda.org/conda-forge/linux-64/ld_impl_linux-64-2.46.1-default_hbd61a6d_102.conda
      - conda: https://conda.anaconda.org/conda-forge/linux-64/libcurl-8.21.0-heca4667_4.conda
      - conda: https://conda.anaconda.org/conda-forge/linux-64/libedit-3.1.20250104-pl5321h373387f_1.conda
      - conda: https://conda.anaconda.org/conda-forge/linux-64/libev-4.33-h280c20c_3.conda
      - conda: https://conda.anaconda.org/conda-forge/linux-64/libexpat-2.8.1-hecca717_1.conda
      - conda: https://conda.anaconda.org/conda-forge/linux-64/libfdt-1.7.2-h280c20c_6.conda
      - conda: https://conda.anaconda.org/conda-forge/linux-64/libffi-3.7.0-h3435931_0.conda
      - conda: https://conda.anaconda.org/conda-forge/linux-64/libgcc-16.1.0-ha9f2e26_1.conda
      - conda: https://conda.anaconda.org/conda-forge/linux-64/libgcc-ng-16.1.0-h69a702a_1.conda
      - conda: https://conda.anaconda.org/conda-forge/linux-64/libgomp-16.1.0-he0feb66_1.conda
      - conda: https://conda.anaconda.org/conda-forge/linux-64/libhiredis-1.3.0-h5888daf_1.conda
      - conda: https://conda.anaconda.org/conda-forge/linux-64/libiconv-1.18-h3b78370_2.conda
      - conda: https://conda.anaconda.org/conda-forge/linux-64/liblzma-5.8.3-hb03c661_1.conda
      - conda: https://conda.anaconda.org/conda-forge/linux-64/liblzma-devel-5.8.3-hb03c661_1.conda
      - conda: https://conda.anaconda.org/conda-forge/linux-64/libnghttp2-1.68.1-h877daf1_0.conda
      - conda: https://conda.anaconda.org/conda-forge/linux-64/libnsl-2.0.1-hb9d3cd8_1.conda
      - conda: https://conda.anaconda.org/conda-forge/linux-64/libpsl-0.23.1-hf670292_0.conda
      - conda: https://conda.anaconda.org/conda-forge/linux-64/libsanitizer-16.1.0-hf2715c6_1.conda
      - conda: https://conda.anaconda.org/conda-forge/linux-64/libsqlite-3.53.4-hf4e2dac_0.conda
      - conda: https://conda.anaconda.org/conda-forge/linux-64/libssh2-1.11.1-h6154650_1.conda
      - conda: https://conda.anaconda.org/conda-forge/linux-64/libstdcxx-16.1.0-h934c35e_1.conda
      - conda: https://conda.anaconda.org/conda-forge/linux-64/libuuid-2.42.2-h5347b49_0.conda
      - conda: https://conda.anaconda.org/conda-forge/linux-64/libuv-1.52.1-h280c20c_1.conda
      - conda: https://conda.anaconda.org/conda-forge/linux-64/libxcrypt-4.4.38-h280c20c_0.conda
      - conda: https://conda.anaconda.org/conda-forge/linux-64/libzlib-1.3.2-h25fd6f3_3.conda
      - conda: https://conda.anaconda.org/conda-forge/linux-64/ncurses-6.6-hdb14827_1.conda
      - conda: https://conda.anaconda.org/conda-forge/linux-64/ninja-1.13.2-h171cf75_1.conda
      - conda: https://conda.anaconda.org/conda-forge/linux-64/openssl-3.6.3-h35e630c_1.conda
      - conda: https://conda.anaconda.org/conda-forge/linux-64/pcre2-10.47-haa7fec5_0.conda
      - conda: https://conda.anaconda.org/conda-forge/linux-64/perl-5.32.1-7_hd590300_perl5.conda
      - conda: https://conda.anaconda.org/conda-forge/linux-64/python-3.12.3-hab00c5b_0_cpython.conda
      - conda: https://conda.anaconda.org/conda-forge/linux-64/readline-8.3-h853b02a_0.conda
      - conda: https://conda.anaconda.org/conda-forge/linux-64/rhash-1.4.6-hb03c661_2.conda
      - conda: https://conda.anaconda.org/conda-forge/linux-64/tk-8.6.13-noxft_hd70dff1_3.conda
      - conda: https://conda.anaconda.org/conda-forge/linux-64/xxhash-0.8.3-hec8ed23_1.conda
      - conda: https://conda.anaconda.org/conda-forge/linux-64/xz-5.8.3-ha02ee65_1.conda
      - conda: https://conda.anaconda.org/conda-forge/linux-64/xz-gpl-tools-5.8.3-ha02ee65_1.conda
      - conda: https://conda.anaconda.org/conda-forge/linux-64/xz-tools-5.8.3-hb03c661_1.conda
      - conda: https://conda.anaconda.org/conda-forge/linux-64/yaml-0.2.5-h280c20c_3.conda
      - conda: https://conda.anaconda.org/conda-forge/linux-64/zstd-1.5.7-hb78ec9c_7.conda
      - conda: https://conda.anaconda.org/conda-forge/noarch/ca-certificates-2026.7.22-hbd8a1cb_0.conda
      - conda: https://conda.anaconda.org/conda-forge/noarch/kernel-headers_linux-64-4.18.0-he073ed8_9.conda
      - conda: https://conda.anaconda.org/conda-forge/noarch/libgcc-devel_linux-64-16.1.0-h59071f9_101.conda
      - conda: https://conda.anaconda.org/conda-forge/noarch/libstdcxx-devel_linux-64-16.1.0-h41cdd0d_101.conda
      - conda: https://conda.anaconda.org/conda-forge/noarch/packaging-26.3-pyhc364b38_0.conda
      - conda: https://conda.anaconda.org/conda-forge/noarch/pip-26.2.1-pyh8b19718_0.conda
      - conda: https://conda.anaconda.org/conda-forge/noarch/setuptools-84.0.0-pyh332efcf_0.conda
      - conda: https://conda.anaconda.org/conda-forge/noarch/sysroot_linux-64-2.28-h4ee821c_9.conda
      - conda: https://conda.anaconda.org/conda-forge/noarch/tzdata-2026c-h151e31d_0.conda
      - conda: https://conda.anaconda.org/conda-forge/noarch/wheel-0.48.0-pyhd8ed1ab_0.conda
      - pypi: https://files.pythonhosted.org/packages/0b/a7/71ac2cff56fec219ed242bb11b8efb69fcc4bec75db06fb7bfe35de520e6/certifi-2026.7.22-py3-none-any.whl
      - pypi: https://files.pythonhosted.org/packages/12/b3/231ffd4ab1fc9d679809f356cebee130ac7daa00d6d6f3206dd4fd137e9e/distro-1.9.0-py3-none-any.whl
      - pypi: https://files.pythonhosted.org/packages/1e/5e/d4e9f1a599fb8e573b7b87160658329fbf28d19eac2718f51fc3def3aa5a/idna-3.18-py3-none-any.whl
      - pypi: https://files.pythonhosted.org/packages/1f/fd/ac2161cce19fd67a18c269073f8e86292b5511acec6f8ef6eab88615d032/pykwalify-1.8.0-py2.py3-none-any.whl
      - pypi: https://files.pythonhosted.org/packages/2c/ef/c60c07b2f9d973672608815e4c176943146c353d3b60fdab914a6dcd44e8/patch_ng-1.19.1-py3-none-any.whl
      - pypi: https://files.pythonhosted.org/packages/3c/2e/8d0c2ab90a8c1d9a24f0399058ab8519a3279d1bd4289511d74e909f060e/markupsafe-3.0.3-cp312-cp312-manylinux2014_x86_64.manylinux_2_17_x86_64.manylinux_2_28_x86_64.whl
      - pypi: https://files.pythonhosted.org/packages/51/ac/e5d886f892666d2d1e5cb8c1a41146e1d79ae8896477b1153a21711d3b44/fasteners-0.20-py3-none-any.whl
      - pypi: https://files.pythonhosted.org/packages/62/a1/3d680cbfd5f4b8f15abc1d571870c5fc3e594bb582bc3b64ea099db13e56/jinja2-3.1.6-py3-none-any.whl
      - pypi: https://files.pythonhosted.org/packages/6f/89/bb5108dc6c3651dca963f2b0a3ba19bbcb370c94e1b6d3e0e844a58e6dca/charset_normalizer-3.5.1-cp312-cp312-manylinux2014_x86_64.manylinux_2_17_x86_64.manylinux_2_28_x86_64.whl
      - pypi: https://files.pythonhosted.org/packages/7f/3e/5db95bcf282c52709639744ca2a8b149baccf648e39c8cc87553df9eae0c/urllib3-2.7.0-py3-none-any.whl
      - pypi: https://files.pythonhosted.org/packages/8b/9d/b3589d3877982d4f2329302ef98a8026e7f4443c765c46cfecc8858c6b4b/pyyaml-6.0.3-cp312-cp312-manylinux2014_x86_64.manylinux_2_17_x86_64.manylinux_2_28_x86_64.whl
      - pypi: https://files.pythonhosted.org/packages/91/a8/95abd79b1171ab3fe9403f4a432c0475ae4ad448238143b152ba0328f554/conan-2.31.2-py3-none-any.whl
      - pypi: https://files.pythonhosted.org/packages/a0/f4/c67b0b3f1b9245e8d266f0f112c500d50e5b4e83cb6f3b71b6528104182a/requests-2.34.2-py3-none-any.whl
      - pypi: https://files.pythonhosted.org/packages/a2/55/8f8cab2afd404cf578136ef2cc5dfb50baa1761b68c9da1fb1e4eed343c9/docopt-0.6.2.tar.gz
      - pypi: https://files.pythonhosted.org/packages/b7/ce/149a00dd41f10bc29e5921b496af8b574d8413afcd5e30dfa0ed46c2cc5e/six-1.17.0-py2.py3-none-any.whl
      - pypi: https://files.pythonhosted.org/packages/b8/0c/51f6841f1d84f404f92463fc2b1ba0da357ca1e3db6b7fbda26956c3b82a/ruamel_yaml-0.19.1-py3-none-any.whl
      - pypi: https://files.pythonhosted.org/packages/c5/1d/e50fb71de492abb549917fdbf13c4a8a8459af9d78a2fa47905804905c36/west-1.5.0-py3-none-any.whl
      - pypi: https://files.pythonhosted.org/packages/d1/d6/3965ed04c63042e047cb6a3e6ed1a63a35087b6a609aa3a15ed8ac56c221/colorama-0.4.6-py2.py3-none-any.whl
      - pypi: https://files.pythonhosted.org/packages/ec/57/56b9bcc3c9c6a792fcbaf139543cee77261f3651ca9da0c93f5c1221264b/python_dateutil-2.9.0.post0-py2.py3-none-any.whl
packages:
- conda: https://conda.anaconda.org/conda-forge/linux-64/_openmp_mutex-4.5-20_gnu.conda
  build_number: 20
  sha256: 1dd3fffd892081df9726d7eb7e0dea6198962ba775bd88842135a4ddb4deb3c9
  md5: a9f577daf3de00bca7c3c76c0ecbd1de
  depends:
  - __glibc >=2.17,<3.0.a0
  - libgomp >=7.5.0
  constrains:
  - openmp_impl <0.0a0
  license: BSD-3-Clause
  license_family: BSD
  purls: []
  run_exports:
    strong:
    - _openmp_mutex >=4.5
  size: 28948
  timestamp: 1770939786096
- conda: https://conda.anaconda.org/conda-forge/linux-64/binutils_impl_linux-64-2.46.1-default_hfdba357_102.conda
  sha256: fb7bf36984a37ce7e4714d1d1da0bd0e3bfc679520f5cdc184afc676fd4b5da2
  md5: a0c5e0b7f58c8ceeb08e5bc41251d5a2
  depends:
  - ld_impl_linux-64 2.46.1 default_hbd61a6d_102
  - sysroot_linux-64
  - zstd >=1.5.7,<1.6.0a0
  license: GPL-3.0-only
  license_family: GPL
  purls: []
  run_exports: {}
  size: 3713752
  timestamp: 1784214522814
- conda: https://conda.anaconda.org/conda-forge/linux-64/bzip2-1.0.8-hda65f42_10.conda
  sha256: 1a0d382c515ebf55f8ee1f38c8b81bc95af5c2acc42ad53b66bc5df932032f96
  md5: e675fabcf81499adc7edf58124fb1e01
  depends:
  - __glibc >=2.17,<3.0.a0
  - libgcc >=14
  license: bzip2-1.0.6
  license_family: BSD
  purls: []
  run_exports:
    weak:
    - bzip2 >=1.0.8,<2.0a0
  size: 257808
  timestamp: 1785906269155
- conda: https://conda.anaconda.org/conda-forge/linux-64/c-ares-1.34.8-h280c20c_1.conda
  sha256: 5139b6afbfaca91c47104ba9a6a40f81211e1c9200e96b73ce3a56f0ca1902f4
  md5: 2cef891b791040aab83e218c7d137679
  depends:
  - __glibc >=2.17,<3.0.a0
  - libgcc >=14
  constrains:
  - c-ares-static <0a0
  license: MIT
  license_family: MIT
  purls: []
  run_exports:
    weak:
    - c-ares >=1.34.8,<2.0a0
  size: 226755
  timestamp: 1786116641939
- conda: https://conda.anaconda.org/conda-forge/linux-64/ccache-4.13.6-hedf47ba_0.conda
  sha256: 552639ac2f3d28d93053fa91cd828186730d9ae0a4d7c1dcc40efe8d7cd026ce
  md5: d66e791d7524770340296e9d34e7f324
  depends:
  - libgcc >=14
  - libstdcxx >=14
  - __glibc >=2.17,<3.0.a0
  - libhiredis >=1.3.0,<1.4.0a0
  - xxhash >=0.8.3,<0.8.4.0a0
  - zstd >=1.5.7,<1.6.0a0
  license: GPL-3.0-only
  license_family: GPL
  purls: []
  run_exports: {}
  size: 855698
  timestamp: 1777926446042
- conda: https://conda.anaconda.org/conda-forge/linux-64/cmake-4.4.2-hc85cc9f_0.conda
  sha256: 5c8027d6f51e4aea86dfa74a09481f6e275742a620c5a88b132ec01405e9bd6e
  md5: c7d7ad5d723ffc37a7892d9dd9dd115d
  depends:
  - __glibc >=2.17,<3.0.a0
  - bzip2 >=1.0.8,<2.0a0
  - libcurl >=8.21.0,<9.0a0
  - libexpat >=2.8.1,<3.0a0
  - libgcc >=14
  - liblzma >=5.8.3,<6.0a0
  - libstdcxx >=14
  - libuv >=1.52.1,<2.0a0
  - libzlib >=1.3.2,<2.0a0
  - ncurses >=6.6,<7.0a0
  - rhash >=1.4.6,<2.0a0
  - zstd >=1.5.7,<1.6.0a0
  license: BSD-3-Clause
  license_family: BSD
  purls: []
  run_exports: {}
  size: 23711960
  timestamp: 1785533746305
- conda: https://conda.anaconda.org/conda-forge/linux-64/conda-gcc-specs-16.1.0-h5a3cd76_1.conda
  sha256: 36ba2ed6eeb46dc3d84a2b93c2ea63793996161df67b88837b2685d674fd7a66
  md5: e287ed8dc5743364a2c86dcb60335404
  depends:
  - gcc_impl_linux-64 >=16.1.0,<16.1.1.0a0
  license: GPL-3.0-only WITH GCC-exception-3.1
  license_family: GPL
  purls: []
  run_exports: {}
  size: 32335
  timestamp: 1785375632558
- conda: https://conda.anaconda.org/conda-forge/linux-64/dtc-1.7.2-h280c20c_6.conda
  sha256: 43979c780845fe5fd6c91319595bb95b7cafe5efe371e420134d685d56e6020a
  md5: b5d1065368afd380c0fa9eadbbfbcc0b
  depends:
  - libfdt >=1.7.2,<1.8.0a0
  - libgcc >=14
  - __glibc >=2.17,<3.0.a0
  - yaml >=0.2.5,<0.3.0a0
  license: GPL-2.0-or-later
  license_family: GPL
  purls: []
  run_exports: {}
  size: 109811
  timestamp: 1782697358292
- conda: https://conda.anaconda.org/conda-forge/linux-64/gcc-16.1.0-hc6a0c74_1.conda
  sha256: 251f14570e47ed3773aa576cd2bdb33d605696d9b322c641ec10ff50718b0bc6
  md5: cc291f1c68286e453bdb472f4c102c33
  depends:
  - conda-gcc-specs
  - gcc_impl_linux-64 16.1.0 h5fcb69b_1
  license: BSD-3-Clause
  license_family: BSD
  purls: []
  run_exports: {}
  size: 29212
  timestamp: 1785375743539
- conda: https://conda.anaconda.org/conda-forge/linux-64/gcc_impl_linux-64-16.1.0-h5fcb69b_1.conda
  sha256: 00c87015522248adb5565a1b8f977cfe927831dd7ef0cb0a5d13f896844af719
  md5: 419982d8913246db404319048e062d3e
  depends:
  - binutils_impl_linux-64 >=2.46.1
  - libgcc >=16.1.0
  - libgcc-devel_linux-64 16.1.0 h59071f9_101
  - libgomp >=16.1.0
  - libsanitizer 16.1.0 hf2715c6_1
  - libstdcxx >=16.1.0
  - libstdcxx-devel_linux-64 16.1.0 h41cdd0d_101
  - sysroot_linux-64
  license: GPL-3.0-only WITH GCC-exception-3.1
  license_family: GPL
  purls: []
  run_exports: {}
  size: 85161422
  timestamp: 1785375529345
- conda: https://conda.anaconda.org/conda-forge/linux-64/git-2.55.0-pl5321h5685339_1.conda
  sha256: ffe825e3ff78876dc5aa28eee791d8d9be4a47157761aa38dbff79e9222b3b8e
  md5: da325124b01b7b88e7374d160d02698b
  depends:
  - __glibc >=2.17,<3.0.a0
  - libcurl >=8.21.0,<9.0a0
  - libexpat >=2.8.1,<3.0a0
  - libgcc >=14
  - libiconv >=1.18,<2.0a0
  - libzlib >=1.3.2,<2.0a0
  - openssl >=3.5.7,<4.0a0
  - pcre2 >=10.47,<10.48.0a0
  - perl 5.*
  constrains:
  - __glibc >=2.17
  license: GPL-2.0-or-later and LGPL-2.1-or-later
  purls: []
  run_exports: {}
  size: 11598127
  timestamp: 1783981072661
- conda: https://conda.anaconda.org/conda-forge/linux-64/gperf-3.3-hecca717_0.conda
  sha256: 760df960248973f261d8667c8cb56d72f0658fe8154f76371437ef92b87d88c8
  md5: 3c2fe322a6d9bac2f4626b6319273f77
  depends:
  - __glibc >=2.17,<3.0.a0
  - libgcc >=14
  - libstdcxx >=14
  license: GPL-3.0-or-later
  license_family: GPL
  purls: []
  run_exports: {}
  size: 96766
  timestamp: 1771369267864
- conda: https://conda.anaconda.org/conda-forge/linux-64/gxx-16.1.0-hd47ba16_1.conda
  sha256: f6b13575f04f4816526a79293a87ae15a8d4e15ebb5ef7b4320eece4c00e1067
  md5: 4cd8b12a94481b643a4ec46b6e950d26
  depends:
  - gcc 16.1.0 hc6a0c74_1
  - gxx_impl_linux-64 16.1.0 he33a5f8_1
  license: BSD-3-Clause
  license_family: BSD
  purls: []
  run_exports: {}
  size: 28628
  timestamp: 1785375760966
- conda: https://conda.anaconda.org/conda-forge/linux-64/gxx_impl_linux-64-16.1.0-he33a5f8_1.conda
  sha256: 4b7e7a082fab18a58409b05c2611b8edb4aeb06ee07be380a73da5de911da2ba
  md5: aaeab97072d79e7945182dc7d4e1a035
  depends:
  - gcc_impl_linux-64 16.1.0 h5fcb69b_1
  - libstdcxx-devel_linux-64 16.1.0 h41cdd0d_101
  - sysroot_linux-64
  - tzdata
  license: GPL-3.0-only WITH GCC-exception-3.1
  license_family: GPL
  purls: []
  run_exports: {}
  size: 16633585
  timestamp: 1785375706410
- conda: https://conda.anaconda.org/conda-forge/linux-64/icu-78.3-py310h44b86e0_2.conda
  sha256: 9f07834f0c546ab14d885ce0366285f61f44e326c0edd1fc63b8294e113ae432
  md5: 72a381cbad04f24b1c2a43ef707f45b4
  depends:
  - __glibc >=2.17,<3.0.a0
  - libstdcxx >=14
  - libgcc >=14
  license: MIT
  license_family: MIT
  purls: []
  run_exports:
    weak:
    - icu >=78.3,<79.0a0
  size: 14459115
  timestamp: 1786545741408
- conda: https://conda.anaconda.org/conda-forge/linux-64/keyutils-1.6.3-h7cc23a3_1.conda
  sha256: dd053c96dcb0dcfd59422aefea9d2fe937a190167f34fba7893ec1e10a7e8963
  md5: ba55d1b89fd7775e67de8291029b4059
  depends:
  - __glibc >=2.17,<3.0.a0
  - libgcc >=15
  license: LGPL-2.1-or-later
  purls: []
  run_exports:
    weak:
    - keyutils >=1.6.3,<2.0a0
  size: 135295
  timestamp: 1786739238128
- conda: https://conda.anaconda.org/conda-forge/linux-64/krb5-1.22.2-hbc21106_2.conda
  sha256: 2a5c38c85e63df84c4e69ee71439841ce570d259ae3060627bb9a49a938d66f4
  md5: 53318d715316929a574f83591308b1f8
  depends:
  - __glibc >=2.17,<3.0.a0
  - keyutils >=1.6.3,<2.0a0
  - libedit >=3.1.20250104,<3.2.0a0
  - libedit >=3.1.20250104,<4.0a0
  - libgcc >=15
  - libstdcxx >=15
  - openssl >=3.5.7,<4.0a0
  license: MIT
  purls: []
  run_exports:
    weak:
    - krb5 >=1.22.2,<1.23.0a0
  size: 1394333
  timestamp: 1786762112514
- conda: https://conda.anaconda.org/conda-forge/linux-64/ld_impl_linux-64-2.46.1-default_hbd61a6d_102.conda
  sha256: 27d83f1188cd19bcb7754a078b3fa7f4cfb8527f8eb2fde54dd01fc529d1adec
  md5: 449500f2c089da11c40f5c21312e3e07
  depends:
  - __glibc >=2.17,<3.0.a0
  - zstd >=1.5.7,<1.6.0a0
  constrains:
  - binutils_impl_linux-64 2.46.1
  license: GPL-3.0-only
  license_family: GPL
  purls: []
  run_exports: {}
  size: 745303
  timestamp: 1784214507189
- conda: https://conda.anaconda.org/conda-forge/linux-64/libcurl-8.21.0-heca4667_4.conda
  sha256: aff8ef75636d0825ce34911e0bef2f26816e7afd090a9dcb4b9bacab75cbf584
  md5: 3f2fd5617cfacac49c85f6dc63842ea1
  depends:
  - __glibc >=2.17,<3.0.a0
  - krb5 >=1.22.2,<1.23.0a0
  - libgcc >=14
  - libnghttp2 >=1.68.1,<2.0a0
  - libpsl >=0.23.0,<0.24.0a0
  - libssh2 >=1.11.1,<2.0a0
  - libzlib >=1.3.2,<2.0a0
  - openssl >=3.5.7,<4.0a0
  - zstd >=1.5.7,<1.6.0a0
  license: curl
  license_family: MIT
  purls: []
  run_exports:
    weak:
    - libcurl >=8.21.0,<9.0a0
  size: 480565
  timestamp: 1785500108494
- conda: https://conda.anaconda.org/conda-forge/linux-64/libedit-3.1.20250104-pl5321h373387f_1.conda
  sha256: 6473eb8caf2aae830f37caa93db9b26dddf7ac84b63229e8bf7fc0e5c3ab95b0
  md5: 50708d3b951d0f8e2d7f2df5b5edc040
  depends:
  - ncurses
  - libgcc >=14
  - __glibc >=2.17,<3.0.a0
  - ncurses >=6.6,<7.0a0
  license: BSD-2-Clause
  license_family: BSD
  purls: []
  run_exports:
    weak:
    - libedit >=3.1.20250104,<3.2.0a0
  size: 135098
  timestamp: 1786616658086
- conda: https://conda.anaconda.org/conda-forge/linux-64/libev-4.33-h280c20c_3.conda
  sha256: e4418f68d01a6307c4431b585c71b584f40189877364e542ee87deb777f5e85b
  md5: 7bc31538d6e3fb349e897353969237ec
  depends:
  - libgcc >=14
  - __glibc >=2.17,<3.0.a0
  license: BSD-2-Clause OR GPL-2.0-or-later
  license_family: GPL
  purls: []
  run_exports:
    weak:
    - libev >=4.33,<4.34.0a0
  size: 43220
  timestamp: 1785917328200
- conda: https://conda.anaconda.org/conda-forge/linux-64/libexpat-2.8.1-hecca717_1.conda
  sha256: 16feffd9ddbbe5b718515d38ee376c685ba95491cd901244e24671d20b952a77
  md5: b24d3c612f71e7aa74158d92106318b2
  depends:
  - __glibc >=2.17,<3.0.a0
  - libgcc >=14
  constrains:
  - expat 2.8.1.*
  license: MIT
  license_family: MIT
  purls: []
  run_exports: {}
  size: 77856
  timestamp: 1781203599810
- conda: https://conda.anaconda.org/conda-forge/linux-64/libfdt-1.7.2-h280c20c_6.conda
  sha256: c8a2e7f665daa78bdbe9d0112e36909134a127be76e94375882f351345822f8f
  md5: 5056841b5c01423603f960d256aa89d1
  depends:
  - libgcc >=14
  - __glibc >=2.17,<3.0.a0
  - yaml >=0.2.5,<0.3.0a0
  license: GPL-2.0-or-later OR BSD-2-Clause
  license_family: GPL
  purls: []
  run_exports:
    weak:
    - libfdt >=1.7.2,<1.8.0a0
  size: 60751
  timestamp: 1782697358292
- conda: https://conda.anaconda.org/conda-forge/linux-64/libffi-3.7.0-h3435931_0.conda
  sha256: ac38603008bf1e99b8ed379b1a656a67a70e2841f2b6a069c630cdf6316012d2
  md5: 0abe40a9880086ca4d2e5daf09dceff9
  depends:
  - __glibc >=2.17,<3.0.a0
  - libgcc >=14
  license: MIT
  license_family: MIT
  purls: []
  run_exports:
    weak:
    - libffi >=3.7.0,<3.8.0a0
  size: 67576
  timestamp: 1783520858222
- conda: https://conda.anaconda.org/conda-forge/linux-64/libgcc-16.1.0-ha9f2e26_1.conda
  sha256: d5cb8475131c31680f8fd30512c418f373064e272e452063276a8fb14c9fa42f
  md5: 5a7d954665c707c93311657cd779c705
  depends:
  - __glibc >=2.17,<3.0.a0
  - _openmp_mutex >=4.5
  constrains:
  - libgomp 16.1.0 he0feb66_1
  - libgcc-ng ==16.1.0=*_1
  license: GPL-3.0-only WITH GCC-exception-3.1
  license_family: GPL
  purls: []
  run_exports: {}
  size: 1057877
  timestamp: 1785375436766
- conda: https://conda.anaconda.org/conda-forge/linux-64/libgcc-ng-16.1.0-h69a702a_1.conda
  sha256: 225275c562337a1cd61705da0ee4235dde7bba7504de1c34b74c894adb2b0eee
  md5: 7ed870c014a6f23c7dfafda53d2763a9
  depends:
  - libgcc 16.1.0 ha9f2e26_1
  license: GPL-3.0-only WITH GCC-exception-3.1
  license_family: GPL
  purls: []
  run_exports:
    strong:
    - libgcc
  size: 28210
  timestamp: 1785375440733
- conda: https://conda.anaconda.org/conda-forge/linux-64/libgomp-16.1.0-he0feb66_1.conda
  sha256: 62cb599ad0539d99386515326d9d5e8f51f75a60c69c2131b21df76edf35bd89
  md5: 88f2d91cb1533194c323534253094d23
  depends:
  - __glibc >=2.17,<3.0.a0
  license: GPL-3.0-only WITH GCC-exception-3.1
  license_family: GPL
  purls: []
  run_exports:
    strong:
    - _openmp_mutex >=4.5
  size: 640415
  timestamp: 1785375373755
- conda: https://conda.anaconda.org/conda-forge/linux-64/libhiredis-1.3.0-h5888daf_1.conda
  sha256: 5638e321719590b00826d218431d5028d1a22a76f281532ce621d9a40d5e0f42
  md5: aa342fcf3bc583660dbfdb2eae6be48e
  depends:
  - __glibc >=2.17,<3.0.a0
  - libgcc >=13
  - libstdcxx >=13
  license: BSD-3-Clause
  license_family: BSD
  purls: []
  run_exports:
    weak:
    - libhiredis >=1.3.0,<1.4.0a0
  size: 140759
  timestamp: 1748219397797
- conda: https://conda.anaconda.org/conda-forge/linux-64/libiconv-1.18-h3b78370_2.conda
  sha256: c467851a7312765447155e071752d7bf9bf44d610a5687e32706f480aad2833f
  md5: 915f5995e94f60e9a4826e0b0920ee88
  depends:
  - __glibc >=2.17,<3.0.a0
  - libgcc >=14
  license: LGPL-2.1-only
  purls: []
  run_exports:
    weak:
    - libiconv >=1.18,<2.0a0
  size: 790176
  timestamp: 1754908768807
- conda: https://conda.anaconda.org/conda-forge/linux-64/liblzma-5.8.3-hb03c661_1.conda
  sha256: 9787df8c22a59c9a70d3e5a10db9ad663485e75e9ccc3f09bd092cb7b95e0dab
  md5: 1390b7c5ac0b1d8e447bc5efa6d3c8c2
  depends:
  - __glibc >=2.17,<3.0.a0
  - libgcc >=14
  constrains:
  - xz 5.8.3.*
  license: 0BSD
  purls: []
  run_exports:
    weak:
    - liblzma >=5.8.3,<6.0a0
  size: 112995
  timestamp: 1786348617826
- conda: https://conda.anaconda.org/conda-forge/linux-64/liblzma-devel-5.8.3-hb03c661_1.conda
  sha256: adef6e8b60afb684110b06b5310977c6836e1c923ce3ec199f45c0f000b42f20
  md5: 6d83d6a332c19424e9e66b69b180ec11
  depends:
  - __glibc >=2.17,<3.0.a0
  - libgcc >=14
  - liblzma 5.8.3 hb03c661_1
  license: 0BSD
  purls: []
  run_exports:
    weak:
    - liblzma >=5.8.3,<6.0a0
  size: 491970
  timestamp: 1786348627135
- conda: https://conda.anaconda.org/conda-forge/linux-64/libnghttp2-1.68.1-h877daf1_0.conda
  sha256: 663444d77a42f2265f54fb8b48c5450bfff4388d9c0f8253dd7855f0d993153f
  md5: 2a45e7f8af083626f009645a6481f12d
  depends:
  - __glibc >=2.17,<3.0.a0
  - c-ares >=1.34.6,<2.0a0
  - libev >=4.33,<4.34.0a0
  - libev >=4.33,<5.0a0
  - libgcc >=14
  - libstdcxx >=14
  - libzlib >=1.3.1,<2.0a0
  - openssl >=3.5.5,<4.0a0
  license: MIT
  license_family: MIT
  purls: []
  run_exports:
    weak:
    - libnghttp2 >=1.68.1,<2.0a0
  size: 663344
  timestamp: 1773854035739
- conda: https://conda.anaconda.org/conda-forge/linux-64/libnsl-2.0.1-hb9d3cd8_1.conda
  sha256: 927fe72b054277cde6cb82597d0fcf6baf127dcbce2e0a9d8925a68f1265eef5
  md5: d864d34357c3b65a4b731f78c0801dc4
  depends:
  - __glibc >=2.17,<3.0.a0
  - libgcc >=13
  license: LGPL-2.1-only
  license_family: GPL
  purls: []
  run_exports:
    weak:
    - libnsl >=2.0.1,<2.1.0a0
  size: 33731
  timestamp: 1750274110928
- conda: https://conda.anaconda.org/conda-forge/linux-64/libpsl-0.23.1-hf670292_0.conda
  sha256: 2e6405feb59e3f40a5a4641dfa73afda158046893aa73d478e23415e18997ece
  md5: c8217f5bdd5b018087bdea081912cda5
  depends:
  - libgcc >=14
  - libstdcxx >=14
  - __glibc >=2.17,<3.0.a0
  - icu >=78.3,<79.0a0
  license: MIT
  license_family: MIT
  purls: []
  run_exports:
    weak:
    - libpsl >=0.23.1,<0.24.0a0
  size: 72505
  timestamp: 1786443494718
- conda: https://conda.anaconda.org/conda-forge/linux-64/libsanitizer-16.1.0-hf2715c6_1.conda
  sha256: 85662ecadd3961bc96cbcc38dbc024a768cc35932c8440677ed028ea6322c36c
  md5: abd77210925872ee084672cf5be1d491
  depends:
  - __glibc >=2.17,<3.0.a0
  - libgcc >=16.1.0
  - libstdcxx >=16.1.0
  license: GPL-3.0-only WITH GCC-exception-3.1
  license_family: GPL
  purls: []
  run_exports:
    weak:
    - libsanitizer 16.1.0
  size: 7780843
  timestamp: 1785375481116
- conda: https://conda.anaconda.org/conda-forge/linux-64/libsqlite-3.53.4-hf4e2dac_0.conda
  sha256: 72023efc207fe681e26b65fc9d668062cf0b4f0eacf3431e6eb099b95c1f2efd
  md5: df088a279cd5e6fd2790b4c196434da1
  depends:
  - __glibc >=2.17,<3.0.a0
  - icu >=78.3,<79.0a0
  - libgcc >=14
  - libzlib >=1.3.2,<2.0a0
  license: blessing
  purls: []
  run_exports:
    weak:
    - libsqlite >=3.53.4,<4.0a0
  size: 964200
  timestamp: 1785016112246
- conda: https://conda.anaconda.org/conda-forge/linux-64/libssh2-1.11.1-h6154650_1.conda
  sha256: 7e463000fa1cba3f3a6597b776f6ab301d425a96e3bc20d0d9d76a3b9f237aa3
  md5: 5c526561e1d2a2e071941174eae84557
  depends:
  - __glibc >=2.17,<3.0.a0
  - libgcc >=14
  - libzlib >=1.3.2,<2.0a0
  - openssl >=3.5.7,<4.0a0
  license: BSD-3-Clause
  license_family: BSD
  purls: []
  run_exports:
    weak:
    - libssh2 >=1.11.1,<2.0a0
  size: 306045
  timestamp: 1786713107897
- conda: https://conda.anaconda.org/conda-forge/linux-64/libstdcxx-16.1.0-h934c35e_1.conda
  sha256: 79721dd08aeb0ab9e773f1f9ef41cf4e6c17477e3d72319147619045bce05a09
  md5: aed6cf89adc1e9b846e4367ac538e434
  depends:
  - __glibc >=2.17,<3.0.a0
  - libgcc 16.1.0 ha9f2e26_1
  constrains:
  - libstdcxx-ng ==16.1.0=*_1
  license: GPL-3.0-only WITH GCC-exception-3.1
  license_family: GPL
  purls: []
  run_exports: {}
  size: 6631744
  timestamp: 1785375462643
- conda: https://conda.anaconda.org/conda-forge/linux-64/libuuid-2.42.2-h5347b49_0.conda
  sha256: 9b1bdce27a7e31f7d241aeecff67a1f3101d52a2b1e33ccc2cdf2613072bf81f
  md5: 01bb81d12c957de066ea7362007df642
  depends:
  - libgcc >=14
  - __glibc >=2.17,<3.0.a0
  license: BSD-3-Clause
  license_family: BSD
  purls: []
  run_exports:
    weak:
    - libuuid >=2.42.2,<3.0a0
  size: 40017
  timestamp: 1781625522462
- conda: https://conda.anaconda.org/conda-forge/linux-64/libuv-1.52.1-h280c20c_1.conda
  sha256: 67761d0206f84140047a367eaf9befe03a7e157a29ee25aee0047b40801cc6b6
  md5: 01c4ed87826af55996768af6dbc936b4
  depends:
  - libgcc >=14
  - __glibc >=2.17,<3.0.a0
  license: MIT
  license_family: MIT
  purls: []
  run_exports:
    weak:
    - libuv >=1.52.1,<2.0a0
  size: 420040
  timestamp: 1785914567661
- conda: https://conda.anaconda.org/conda-forge/linux-64/libxcrypt-4.4.38-h280c20c_0.conda
  sha256: f7e9292dd219a6435bbb1223da9586c3e70d66d169c5a92f08db3f2127df04e9
  md5: f7a7ff5a6ab331e037abd34f379a631d
  depends:
  - libgcc >=14
  - __glibc >=2.17,<3.0.a0
  license: LGPL-2.1-or-later
  purls: []
  run_exports:
    weak:
    - libxcrypt >=4.4.38
  size: 101957
  timestamp: 1785887123445
- conda: https://conda.anaconda.org/conda-forge/linux-64/libzlib-1.3.2-h25fd6f3_3.conda
  sha256: eb8a0db0aa570124f7d2a93d7c7f596e3390df5e047818d873baad32985fc736
  md5: 0de0122d9570a8ab637c6b73db268389
  depends:
  - __glibc >=2.17,<3.0.a0
  constrains:
  - zlib 1.3.2 *_3
  license: Zlib
  license_family: Other
  purls: []
  run_exports:
    weak:
    - libzlib >=1.3.2,<2.0a0
  size: 63713
  timestamp: 1785362952714
- conda: https://conda.anaconda.org/conda-forge/linux-64/ncurses-6.6-hdb14827_1.conda
  sha256: 5d46557214ed184381dafe835b7c94a474a1c3b307a08a250b1ea4779b44ffb3
  md5: ee6c0cd80a60961a1f48aa3e0b91f986
  depends:
  - __glibc >=2.17,<3.0.a0
  - libgcc >=14
  license: X11 AND BSD-3-Clause
  purls: []
  run_exports:
    weak:
    - ncurses >=6.6,<7.0a0
  size: 911196
  timestamp: 1786355078102
- conda: https://conda.anaconda.org/conda-forge/linux-64/ninja-1.13.2-h171cf75_1.conda
  sha256: 2b5f2e865122f9fc0637f520a7cb22e16b9727b2db6761ee16cb5e6404412c81
  md5: 2db7a395d7dc2b6ed5effaf68fb99443
  depends:
  - __glibc >=2.17,<3.0.a0
  - libstdcxx >=14
  - libgcc >=14
  license: Apache-2.0
  purls: []
  run_exports: {}
  size: 186767
  timestamp: 1786713048064
- conda: https://conda.anaconda.org/conda-forge/linux-64/openssl-3.6.3-h35e630c_1.conda
  sha256: 012096056b97abf1f68c46b7146bd2cbd68c1be762340b4f5dad4fbbe99177bc
  md5: c5955c27917ff2234def47f075e71e02
  depends:
  - __glibc >=2.17,<3.0.a0
  - ca-certificates
  - libgcc >=14
  license: Apache-2.0
  license_family: Apache
  purls: []
  run_exports:
    weak:
    - openssl >=3.6.3,<4.0a0
  size: 3182423
  timestamp: 1785913583650
- conda: https://conda.anaconda.org/conda-forge/linux-64/pcre2-10.47-haa7fec5_0.conda
  sha256: 5e6f7d161356fefd981948bea5139c5aa0436767751a6930cb1ca801ebb113ff
  md5: 7a3bff861a6583f1889021facefc08b1
  depends:
  - __glibc >=2.17,<3.0.a0
  - bzip2 >=1.0.8,<2.0a0
  - libgcc >=14
  - libzlib >=1.3.1,<2.0a0
  license: BSD-3-Clause
  license_family: BSD
  purls: []
  run_exports:
    weak:
    - pcre2 >=10.47,<10.48.0a0
  size: 1222481
  timestamp: 1763655398280
- conda: https://conda.anaconda.org/conda-forge/linux-64/perl-5.32.1-7_hd590300_perl5.conda
  build_number: 7
  sha256: 9ec32b6936b0e37bcb0ed34f22ec3116e75b3c0964f9f50ecea5f58734ed6ce9
  md5: f2cfec9406850991f4e3d960cc9e3321
  depends:
  - libgcc-ng >=12
  - libxcrypt >=4.4.36
  license: GPL-1.0-or-later OR Artistic-1.0-Perl
  purls: []
  run_exports:
    weak:
    - perl >=5.32.1,<5.33.0a0 *_perl5
    noarch:
    - perl >=5.32.1,<6.0a0 *_perl5
  size: 13344463
  timestamp: 1703310653947
- conda: https://conda.anaconda.org/conda-forge/linux-64/python-3.12.3-hab00c5b_0_cpython.conda
  sha256: f9865bcbff69f15fd89a33a2da12ad616e98d65ce7c83c644b92e66e5016b227
  md5: 2540b74d304f71d3e89c81209db4db84
  depends:
  - bzip2 >=1.0.8,<2.0a0
  - ld_impl_linux-64 >=2.36.1
  - libexpat >=2.6.2,<3.0a0
  - libffi >=3.4,<4.0a0
  - libgcc-ng >=12
  - libnsl >=2.0.1,<2.1.0a0
  - libsqlite >=3.45.2,<4.0a0
  - libuuid >=2.38.1,<3.0a0
  - libxcrypt >=4.4.36
  - libzlib >=1.2.13,<2.0.0a0
  - ncurses >=6.4.20240210,<7.0a0
  - openssl >=3.2.1,<4.0a0
  - readline >=8.2,<9.0a0
  - tk >=8.6.13,<8.7.0a0
  - tzdata
  - xz >=5.2.6,<6.0a0
  constrains:
  - python_abi 3.12.* *_cp312
  license: Python-2.0
  purls: []
  run_exports:
    weak:
    - python_abi 3.12.* *_cp312
    noarch:
    - python
  size: 31991381
  timestamp: 1713208036041
- conda: https://conda.anaconda.org/conda-forge/linux-64/readline-8.3-h853b02a_0.conda
  sha256: 12ffde5a6f958e285aa22c191ca01bbd3d6e710aa852e00618fa6ddc59149002
  md5: d7d95fc8287ea7bf33e0e7116d2b95ec
  depends:
  - __glibc >=2.17,<3.0.a0
  - libgcc >=14
  - ncurses >=6.5,<7.0a0
  license: GPL-3.0-only
  license_family: GPL
  purls: []
  run_exports:
    weak:
    - readline >=8.3,<9.0a0
  size: 345073
  timestamp: 1765813471974
- conda: https://conda.anaconda.org/conda-forge/linux-64/rhash-1.4.6-hb03c661_2.conda
  sha256: 186a5b225077ad5f4656966da947d43307101950751ef4a239b455588756b4e1
  md5: 007602d697e07c11ff9864964eba5ee3
  depends:
  - __glibc >=2.17,<3.0.a0
  - libgcc >=14
  license: MIT
  license_family: MIT
  purls: []
  run_exports:
    weak:
    - rhash >=1.4.6,<2.0a0
  size: 194994
  timestamp: 1786731436520
- conda: https://conda.anaconda.org/conda-forge/linux-64/tk-8.6.13-noxft_hd70dff1_3.conda
  build_number: 103
  sha256: 43624eab22f5f29df7d6ffe914cf442f28fd559b55b290906255492826e636e8
  md5: 48a1049e710857572fc2a832aa394d9f
  depends:
  - __glibc >=2.17,<3.0.a0
  - libgcc >=14
  - libzlib >=1.3.2,<2.0a0
  constrains:
  - xorg-libx11 >=1.8.13,<2.0a0
  license: TCL
  purls: []
  run_exports:
    weak:
    - tk >=8.6.13,<8.7.0a0
  size: 3550916
  timestamp: 1784229071544
- conda: https://conda.anaconda.org/conda-forge/linux-64/xxhash-0.8.3-hec8ed23_1.conda
  sha256: 540cf88e742b381244cbfdd2918cd5ed7523c1b0cc2945f3bb63620095c10e50
  md5: 72ab4ea51529ec63ff010ae9fb62b02f
  depends:
  - __glibc >=2.17,<3.0.a0
  - libgcc >=14
  license: BSD-2-Clause
  license_family: BSD
  purls: []
  run_exports:
    weak:
    - xxhash >=0.8.3,<0.8.4.0a0
  size: 109364
  timestamp: 1785949296126
- conda: https://conda.anaconda.org/conda-forge/linux-64/xz-5.8.3-ha02ee65_1.conda
  sha256: 547b2392d8f7b76efd4a0970946f6da2a1136ad5fe3dc936af81e02eb7181076
  md5: 36a079606b3aaf9d726211825f182452
  depends:
  - __glibc >=2.17,<3.0.a0
  - libgcc >=14
  - liblzma 5.8.3 hb03c661_1
  - liblzma-devel 5.8.3 hb03c661_1
  - xz-gpl-tools 5.8.3 ha02ee65_1
  - xz-tools 5.8.3 hb03c661_1
  license: 0BSD AND LGPL-2.1-or-later AND GPL-2.0-or-later
  purls: []
  run_exports:
    weak:
    - liblzma >=5.8.3,<6.0a0
  size: 23610
  timestamp: 1786348658246
- conda: https://conda.anaconda.org/conda-forge/linux-64/xz-gpl-tools-5.8.3-ha02ee65_1.conda
  sha256: ed6dbec5e4f0f71e7ac629b90dc4c9fba38d194cc88eab891c29e461b408977a
  md5: 137db930adb0b3c5407485e0e1a50cfa
  depends:
  - __glibc >=2.17,<3.0.a0
  - libgcc >=14
  - liblzma 5.8.3 hb03c661_1
  constrains:
  - xz 5.8.3.*
  license: 0BSD AND LGPL-2.1-or-later AND GPL-2.0-or-later
  purls: []
  run_exports:
    weak:
    - liblzma >=5.8.3,<6.0a0
  size: 40118
  timestamp: 1786348648882
- conda: https://conda.anaconda.org/conda-forge/linux-64/xz-tools-5.8.3-hb03c661_1.conda
  sha256: c74fa3eddd3ea648456517948f85068d8a07acad7752fd83c7e95b6cebb7114a
  md5: 10d693a2db6e8339e4eebcb3a3dae88d
  depends:
  - __glibc >=2.17,<3.0.a0
  - libgcc >=14
  - liblzma 5.8.3 hb03c661_1
  constrains:
  - xz 5.8.3.*
  license: 0BSD AND LGPL-2.1-or-later
  purls: []
  run_exports: {}
  size: 96459
  timestamp: 1786348637686
- conda: https://conda.anaconda.org/conda-forge/linux-64/yaml-0.2.5-h280c20c_3.conda
  sha256: 6d9ea2f731e284e9316d95fa61869fe7bbba33df7929f82693c121022810f4ad
  md5: a77f85f77be52ff59391544bfe73390a
  depends:
  - libgcc >=14
  - __glibc >=2.17,<3.0.a0
  license: MIT
  license_family: MIT
  purls: []
  run_exports:
    weak:
    - yaml >=0.2.5,<0.3.0a0
  size: 85189
  timestamp: 1753484064210
- conda: https://conda.anaconda.org/conda-forge/linux-64/zstd-1.5.7-hb78ec9c_7.conda
  sha256: 47d682b9f6d6ec9eb1a6e6c3e75ea6273e899e78fb7fc59f81d39745009fbc60
  md5: aa459086047c0e5e27023ab19f8cb86a
  depends:
  - __glibc >=2.17,<3.0.a0
  - libzlib >=1.3.2,<2.0a0
  license: BSD-3-Clause
  license_family: BSD
  purls: []
  run_exports:
    weak:
    - zstd >=1.5.7,<1.6.0a0
  size: 601301
  timestamp: 1786599621503
- conda: https://conda.anaconda.org/conda-forge/noarch/ca-certificates-2026.7.22-hbd8a1cb_0.conda
  sha256: 0a0544cf95f64394fe4959286f5c71f5444ad58feb0602e53becb27448d24da6
  md5: 0f51e2391ade309db462a55611263e9c
  depends:
  - __unix
  license: ISC
  purls: []
  run_exports: {}
  size: 131780
  timestamp: 1784754889428
- conda: https://conda.anaconda.org/conda-forge/noarch/kernel-headers_linux-64-4.18.0-he073ed8_9.conda
  sha256: 41557eeadf641de6aeae49486cef30d02a6912d8da98585d687894afd65b356a
  md5: 86d9cba083cd041bfbf242a01a7a1999
  constrains:
  - sysroot_linux-64 ==2.28
  license: LGPL-2.0-or-later AND LGPL-2.0-or-later WITH exceptions AND GPL-2.0-or-later
  license_family: GPL
  purls: []
  run_exports: {}
  size: 1278712
  timestamp: 1765578681495
- conda: https://conda.anaconda.org/conda-forge/noarch/libgcc-devel_linux-64-16.1.0-h59071f9_101.conda
  sha256: b314251d957b16c71ec241119ac09b9530c5c4ce140026ec98d297f55d6c5e08
  md5: 19b0151ecb1d122f706ebd2f82f9a017
  depends:
  - __unix
  license: GPL-3.0-only WITH GCC-exception-3.1
  license_family: GPL
  purls: []
  run_exports: {}
  size: 3096495
  timestamp: 1785375361053
- conda: https://conda.anaconda.org/conda-forge/noarch/libstdcxx-devel_linux-64-16.1.0-h41cdd0d_101.conda
  sha256: c1521172f2fdf5510d79b621ea835064209fe3131518e0d8b2b43362a75e7b4c
  md5: 8593636203272a748b63d56cbd674753
  depends:
  - __unix
  license: GPL-3.0-only WITH GCC-exception-3.1
  license_family: GPL
  purls: []
  run_exports: {}
  size: 22519609
  timestamp: 1785375386152
- conda: https://conda.anaconda.org/conda-forge/noarch/packaging-26.3-pyhc364b38_0.conda
  sha256: c432626b16768b8dab228bfb706f7060c2d462a21c516d240f68f2f902b5a044
  md5: 936687ed80f295a1f5dbcf8bd34c252c
  depends:
  - python >=3.9
  - python
  license: Apache-2.0
  license_family: APACHE
  purls:
  - pkg:pypi/packaging?source=hash-mapping
  run_exports: {}
  size: 116363
  timestamp: 1785888127370
- conda: https://conda.anaconda.org/conda-forge/noarch/pip-26.2.1-pyh8b19718_0.conda
  sha256: c205bae42eb11b364fe3663a817cbcbc20a8ef544c6b2ff6f391013487117259
  md5: 77b6cf3b0689d9fc68561df0db9b856d
  depends:
  - python >=3.10,<3.13.0a0
  - setuptools
  - wheel
  license: MIT
  license_family: MIT
  purls:
  - pkg:pypi/pip?source=hash-mapping
  run_exports: {}
  size: 1199593
  timestamp: 1785914492234
- conda: https://conda.anaconda.org/conda-forge/noarch/setuptools-84.0.0-pyh332efcf_0.conda
  sha256: 9e200ee5f9ff19a4d94e4b51c4856d53dec849f91032f345cf0c6bc3d51a7183
  md5: 62ac906f1cd582c6c264c95625cb9d6f
  depends:
  - python >=3.10
  license: MIT
  license_family: MIT
  purls:
  - pkg:pypi/setuptools?source=compressed-mapping
  run_exports: {}
  size: 524488
  timestamp: 1786282924579
- conda: https://conda.anaconda.org/conda-forge/noarch/sysroot_linux-64-2.28-h4ee821c_9.conda
  sha256: c47299fe37aebb0fcf674b3be588e67e4afb86225be4b0d452c7eb75c086b851
  md5: 13dc3adbc692664cd3beabd216434749
  depends:
  - __glibc >=2.28
  - kernel-headers_linux-64 4.18.0 he073ed8_9
  - tzdata
  license: LGPL-2.0-or-later AND LGPL-2.0-or-later WITH exceptions AND GPL-2.0-or-later
  license_family: GPL
  purls: []
  run_exports:
    strong:
    - __glibc >=2.28,<3.0.a0
  size: 24008591
  timestamp: 1765578833462
- conda: https://conda.anaconda.org/conda-forge/noarch/tzdata-2026c-h151e31d_0.conda
  sha256: b928c30ddcb0e3f544c6eade8352737e6e610e263276b90232db6a578ef899d8
  md5: fcb489df604d100968b737f2cb6076c6
  license: LicenseRef-Public-Domain
  purls: []
  run_exports: {}
  size: 118849
  timestamp: 1784250406640
- conda: https://conda.anaconda.org/conda-forge/noarch/wheel-0.48.0-pyhd8ed1ab_0.conda
  sha256: ba64b29b6d418024cb565081a1799262cb2780d2534ff4c14f76aa858c4286cd
  md5: 9a2124517bfd5d792e0f7b86eefdfeb8
  depends:
  - packaging >=24.0
  - python >=3.10
  license: MIT
  license_family: MIT
  purls:
  - pkg:pypi/wheel?source=compressed-mapping
  run_exports: {}
  size: 34528
  timestamp: 1786613220176
- pypi: https://files.pythonhosted.org/packages/0b/a7/71ac2cff56fec219ed242bb11b8efb69fcc4bec75db06fb7bfe35de520e6/certifi-2026.7.22-py3-none-any.whl
  name: certifi
  version: 2026.7.22
  sha256: 62f22742b58a1a33014a2b6b706588a8d7e2a88ae7bd1a6ebe8c992928483775
  requires_python: '>=3.7'
- pypi: https://files.pythonhosted.org/packages/12/b3/231ffd4ab1fc9d679809f356cebee130ac7daa00d6d6f3206dd4fd137e9e/distro-1.9.0-py3-none-any.whl
  name: distro
  version: 1.9.0
  sha256: 7bffd925d65168f85027d8da9af6bddab658135b840670a223589bc0c8ef02b2
  requires_python: '>=3.6'
- pypi: https://files.pythonhosted.org/packages/1e/5e/d4e9f1a599fb8e573b7b87160658329fbf28d19eac2718f51fc3def3aa5a/idna-3.18-py3-none-any.whl
  name: idna
  version: '3.18'
  sha256: 7f952cbe720b688055e3f87de14f5c3e5fdaa8bc3928985c4077ca689de849a2
  requires_dist:
  - ruff>=0.6.2 ; extra == 'all'
  - mypy>=1.11.2 ; extra == 'all'
  - pytest>=8.3.2 ; extra == 'all'
  requires_python: '>=3.9'
- pypi: https://files.pythonhosted.org/packages/1f/fd/ac2161cce19fd67a18c269073f8e86292b5511acec6f8ef6eab88615d032/pykwalify-1.8.0-py2.py3-none-any.whl
  name: pykwalify
  version: 1.8.0
  sha256: 731dfa87338cca9f559d1fca2bdea37299116e3139b73f78ca90a543722d6651
  requires_dist:
  - docopt>=0.6.2
  - python-dateutil>=2.8.0
  - ruamel-yaml>=0.16.0
- pypi: https://files.pythonhosted.org/packages/2c/ef/c60c07b2f9d973672608815e4c176943146c353d3b60fdab914a6dcd44e8/patch_ng-1.19.1-py3-none-any.whl
  name: patch-ng
  version: 1.19.1
  sha256: d45fd47b3f74b48c3e336690341876bb26244a077a06f5f7e6e47c19c15c1ca4
  requires_python: '>=3.6'
- pypi: https://files.pythonhosted.org/packages/3c/2e/8d0c2ab90a8c1d9a24f0399058ab8519a3279d1bd4289511d74e909f060e/markupsafe-3.0.3-cp312-cp312-manylinux2014_x86_64.manylinux_2_17_x86_64.manylinux_2_28_x86_64.whl
  name: markupsafe
  version: 3.0.3
  sha256: d6dd0be5b5b189d31db7cda48b91d7e0a9795f31430b7f271219ab30f1d3ac9d
  requires_python: '>=3.9'
- pypi: https://files.pythonhosted.org/packages/51/ac/e5d886f892666d2d1e5cb8c1a41146e1d79ae8896477b1153a21711d3b44/fasteners-0.20-py3-none-any.whl
  name: fasteners
  version: '0.20'
  sha256: 9422c40d1e350e4259f509fb2e608d6bc43c0136f79a00db1b49046029d0b3b7
  requires_python: '>=3.6'
- pypi: https://files.pythonhosted.org/packages/62/a1/3d680cbfd5f4b8f15abc1d571870c5fc3e594bb582bc3b64ea099db13e56/jinja2-3.1.6-py3-none-any.whl
  name: jinja2
  version: 3.1.6
  sha256: 85ece4451f492d0c13c5dd7c13a64681a86afae63a5f347908daf103ce6d2f67
  requires_dist:
  - markupsafe>=2.0
  - babel>=2.7 ; extra == 'i18n'
  requires_python: '>=3.7'
- pypi: https://files.pythonhosted.org/packages/6f/89/bb5108dc6c3651dca963f2b0a3ba19bbcb370c94e1b6d3e0e844a58e6dca/charset_normalizer-3.5.1-cp312-cp312-manylinux2014_x86_64.manylinux_2_17_x86_64.manylinux_2_28_x86_64.whl
  name: charset-normalizer
  version: 3.5.1
  sha256: b9af956078716df40d985fb0dfeb2c2120c5ca92ba4ff4b388acfd01cdc14d08
  requires_python: '>=3.7'
- pypi: https://files.pythonhosted.org/packages/7f/3e/5db95bcf282c52709639744ca2a8b149baccf648e39c8cc87553df9eae0c/urllib3-2.7.0-py3-none-any.whl
  name: urllib3
  version: 2.7.0
  sha256: 9fb4c81ebbb1ce9531cce37674bbc6f1360472bc18ca9a553ede278ef7276897
  requires_dist:
  - brotli>=1.2.0 ; platform_python_implementation == 'CPython' and extra == 'brotli'
  - brotlicffi>=1.2.0.0 ; platform_python_implementation != 'CPython' and extra == 'brotli'
  - h2>=4,<5 ; extra == 'h2'
  - pysocks>=1.5.6,!=1.5.7,<2.0 ; extra == 'socks'
  - backports-zstd>=1.0.0 ; python_full_version < '3.14' and extra == 'zstd'
  requires_python: '>=3.10'
- pypi: https://files.pythonhosted.org/packages/8b/9d/b3589d3877982d4f2329302ef98a8026e7f4443c765c46cfecc8858c6b4b/pyyaml-6.0.3-cp312-cp312-manylinux2014_x86_64.manylinux_2_17_x86_64.manylinux_2_28_x86_64.whl
  name: pyyaml
  version: 6.0.3
  sha256: ba1cc08a7ccde2d2ec775841541641e4548226580ab850948cbfda66a1befcdc
  requires_python: '>=3.8'
- pypi: https://files.pythonhosted.org/packages/91/a8/95abd79b1171ab3fe9403f4a432c0475ae4ad448238143b152ba0328f554/conan-2.31.2-py3-none-any.whl
  name: conan
  version: 2.31.2
  sha256: 87a8ae0b492c4fd4291d4146bf80522a00d6157637bed7ec055787e1a51f75d6
  requires_dist:
  - requests>=2.25,<3.0.0
  - urllib3>=1.26.6,<3.0
  - colorama>=0.4.3,<0.5.0
  - pyyaml>=6.0,<7.0
  - patch-ng>=1.18.0,<1.20
  - fasteners>=0.15
  - jinja2>=3.0,<4.0.0
  - python-dateutil>=2.8.0,<3
  - distro>=1.4.0,<2.0.0 ; sys_platform == 'linux' or platform_system == 'FreeBSD'
  - pytest ; extra == 'dev'
  - pytest-xdist ; extra == 'dev'
  - webtest>=3.0.0,<4 ; extra == 'dev'
  - bottle ; extra == 'dev'
  - pyjwt ; extra == 'dev'
  - pluginbase ; extra == 'dev'
  - docker ; extra == 'dev'
  - setuptools ; extra == 'dev'
  - pytest-cov ; extra == 'dev'
  - paramiko ; extra == 'runners'
  - docker>=7.1.0 ; extra == 'runners'
  - pytest ; extra == 'test'
  - pytest-xdist ; extra == 'test'
  - webtest>=3.0.0,<4 ; extra == 'test'
  - bottle ; extra == 'test'
  - pyjwt ; extra == 'test'
  - pluginbase ; extra == 'test'
  - docker ; extra == 'test'
  - setuptools ; extra == 'test'
  - pytest-cov ; extra == 'test'
  requires_python: '>=3.7'
- pypi: https://files.pythonhosted.org/packages/a0/f4/c67b0b3f1b9245e8d266f0f112c500d50e5b4e83cb6f3b71b6528104182a/requests-2.34.2-py3-none-any.whl
  name: requests
  version: 2.34.2
  sha256: 2a0d60c172f83ac6ab31e4554906c0f3b3588d37b5cb939b1c061f4907e278e0
  requires_dist:
  - charset-normalizer>=2,<4
  - idna>=2.5,<4
  - urllib3>=1.26,<3
  - certifi>=2023.5.7
  - pysocks>=1.5.6,!=1.5.7 ; extra == 'socks'
  - chardet>=3.0.2,<8 ; extra == 'use-chardet-on-py3'
  requires_python: '>=3.10'
- pypi: https://files.pythonhosted.org/packages/a2/55/8f8cab2afd404cf578136ef2cc5dfb50baa1761b68c9da1fb1e4eed343c9/docopt-0.6.2.tar.gz
  name: docopt
  version: 0.6.2
  sha256: 49b3a825280bd66b3aa83585ef59c4a8c82f2c8a522dbe754a8bc8d08c85c491
- pypi: https://files.pythonhosted.org/packages/b7/ce/149a00dd41f10bc29e5921b496af8b574d8413afcd5e30dfa0ed46c2cc5e/six-1.17.0-py2.py3-none-any.whl
  name: six
  version: 1.17.0
  sha256: 4721f391ed90541fddacab5acf947aa0d3dc7d27b2e1e8eda2be8970586c3274
  requires_python: '>=2.7,!=3.0.*,!=3.1.*,!=3.2.*'
- pypi: https://files.pythonhosted.org/packages/b8/0c/51f6841f1d84f404f92463fc2b1ba0da357ca1e3db6b7fbda26956c3b82a/ruamel_yaml-0.19.1-py3-none-any.whl
  name: ruamel-yaml
  version: 0.19.1
  sha256: 27592957fedf6e0b62f281e96effd28043345e0e66001f97683aa9a40c667c93
  requires_dist:
  - ruamel-yaml-clib ; platform_python_implementation == 'CPython' and extra == 'oldlibyaml'
  - ruamel-yaml-clibz>=0.3.7 ; platform_python_implementation == 'CPython' and extra == 'libyaml'
  - ruamel-yaml-jinja2>=0.2 ; extra == 'jinja2'
  - ryd ; extra == 'docs'
  - mercurial>5.7 ; extra == 'docs'
  requires_python: '>=3.9'
- pypi: https://files.pythonhosted.org/packages/c5/1d/e50fb71de492abb549917fdbf13c4a8a8459af9d78a2fa47905804905c36/west-1.5.0-py3-none-any.whl
  name: west
  version: 1.5.0
  sha256: f71411d11ed9ed00847405c6a83600374c2e0cf8676ed5af5d8b572f92c4765a
  requires_dist:
  - colorama
  - pyyaml>=5.1
  - pykwalify
  - packaging
  requires_python: '>=3.9'
- pypi: https://files.pythonhosted.org/packages/d1/d6/3965ed04c63042e047cb6a3e6ed1a63a35087b6a609aa3a15ed8ac56c221/colorama-0.4.6-py2.py3-none-any.whl
  name: colorama
  version: 0.4.6
  sha256: 4f1d9991f5acc0ca119f9d443620b77f9d6b33703e51011c16baf57afb285fc6
  requires_python: '>=2.7,!=3.0.*,!=3.1.*,!=3.2.*,!=3.3.*,!=3.4.*,!=3.5.*,!=3.6.*'
- pypi: https://files.pythonhosted.org/packages/ec/57/56b9bcc3c9c6a792fcbaf139543cee77261f3651ca9da0c93f5c1221264b/python_dateutil-2.9.0.post0-py2.py3-none-any.whl
  name: python-dateutil
  version: 2.9.0.post0
  sha256: a8b2bc7bffae282281c8140a97d3aa9c14da0b136dfe83f850eea9a5f7470427
  requires_dist:
  - six>=1.5
  requires_python: '>=2.7,!=3.0.*,!=3.1.*,!=3.2.*'
