{
  "nodes": {
    "flake-utils": {
      "inputs": {
        "systems": "systems"
      },
      "locked": {
        "lastModified": 1731533236,
        "narHash": "sha256-l0KFg5HjrsfsO/JpG+r7fRrqm12kzFHyUHqHCVpMMbI=",
        "owner": "numtide",
        "repo": "flake-utils",
        "rev": "11707dc2f618dd54ca8739b309ec4fc024de578b",
        "type": "github"
      },
      "original": {
        "owner": "numtide",
        "repo": "flake-utils",
        "type": "github"
      }
    },
    "nix-github-actions": {
      "inputs": {
        "nixpkgs": [
          "zephyr-nix",
          "nixpkgs"
        ]
      },
      "locked": {
        "lastModified": 1737420293,
        "narHash": "sha256-F1G5ifvqTpJq7fdkT34e/Jy9VCyzd5XfJ9TO8fHhJWE=",
        "owner": "nix-community",
        "repo": "nix-github-actions",
        "rev": "f4158fa080ef4503c8f4c820967d946c2af31ec9",
        "type": "github"
      },
      "original": {
        "owner": "nix-community",
        "repo": "nix-github-actions",
        "type": "github"
      }
    },
    "nixpkgs": {
      "locked": {
        "lastModified": 1776210753,
        "narHash": "sha256-2eoMGJRyjIquAsm8ccGY/yLOIaowLarPlCDvtaP7G78=",
        "owner": "NixOS",
        "repo": "nixpkgs",
        "rev": "02d1c9ad58d56732a5ae2412981aca62ac4777fa",
        "type": "github"
      },
      "original": {
        "owner": "NixOS",
        "repo": "nixpkgs",
        "rev": "02d1c9ad58d56732a5ae2412981aca62ac4777fa",
        "type": "github"
      }
    },
    "pyproject-nix": {
      "inputs": {
        "nixpkgs": [
          "zephyr-nix",
          "nixpkgs"
        ]
      },
      "locked": {
        "lastModified": 1776715674,
        "narHash": "sha256-Gs1VnEkCkkRZxJQAC/Dhz0Jbfi22mFXChbtNg9w/Ybg=",
        "owner": "pyproject-nix",
        "repo": "pyproject.nix",
        "rev": "69f57f27e52a87c54e28138a75ec741cd46663c9",
        "type": "github"
      },
      "original": {
        "owner": "pyproject-nix",
        "repo": "pyproject.nix",
        "type": "github"
      }
    },
    "root": {
      "inputs": {
        "flake-utils": "flake-utils",
        "nixpkgs": "nixpkgs",
        "zephyr-nix": "zephyr-nix",
        "zephyr-src": "zephyr-src"
      }
    },
    "systems": {
      "locked": {
        "lastModified": 1681028828,
        "narHash": "sha256-Vy1rq5AaRuLzOxct8nz4T6wlgyUR7zLU309k9mBC768=",
        "owner": "nix-systems",
        "repo": "default",
        "rev": "da67096a3b9bf56a91d16901293e51ba5b49a27e",
        "type": "github"
      },
      "original": {
        "owner": "nix-systems",
        "repo": "default",
        "type": "github"
      }
    },
    "uv-python": {
      "inputs": {
        "nixpkgs": [
          "zephyr-nix",
          "nixpkgs"
        ]
      },
      "locked": {
        "lastModified": 1776489725,
        "narHash": "sha256-9MhAOHQeMxxMHq1Rej4Hqtb8KPT1z+1Y7WlV/N4EcwY=",
        "owner": "pyproject-nix",
        "repo": "uv-python.nix",
        "rev": "bf8f911a7bd2b93bbcd92ef9082f226ca16ca8fe",
        "type": "github"
      },
      "original": {
        "owner": "pyproject-nix",
        "repo": "uv-python.nix",
        "type": "github"
      }
    },
    "zephyr-nix": {
      "inputs": {
        "nix-github-actions": "nix-github-actions",
        "nixpkgs": [
          "nixpkgs"
        ],
        "pyproject-nix": "pyproject-nix",
        "uv-python": "uv-python",
        "zephyr": [
          "zephyr-src"
        ]
      },
      "locked": {
        "lastModified": 1787581326,
        "narHash": "sha256-Hdip2he6ICcBjS6HsrKsnfGWB1YPr+oEUXOp9bNlYOo=",
        "owner": "nix-community",
        "repo": "zephyr-nix",
        "rev": "5ef0903c5fcdbbce55af2732fad1011e90b6ff47",
        "type": "github"
      },
      "original": {
        "owner": "nix-community",
        "repo": "zephyr-nix",
        "type": "github"
      }
    },
    "zephyr-src": {
      "flake": false,
      "locked": {
        "lastModified": 1782215235,
        "narHash": "sha256-KziOuRTaFKJ4hvVbv+0mzsbMRS9qYdPam4dizU7440c=",
        "owner": "zephyrproject-rtos",
        "repo": "zephyr",
        "rev": "75f67d766726351b30199f9a2bf55803d717a3be",
        "type": "github"
      },
      "original": {
        "owner": "zephyrproject-rtos",
        "ref": "v4.3.1",
        "repo": "zephyr",
        "type": "github"
      }
    }
  },
  "root": "root",
  "version": 7
}
